
Microsoft Visual Studio Solution File, Format Version 12.00
# Visual Studio Version 16
VisualStudioVersion = 16.0.30104.148
MinimumVisualStudioVersion = 10.0.40219.1
Project("{FAE04EC0-301F-11D3-BF4B-00C04F79EFBC}") = "EfYouCore", "EfYouCore\EfYouCore.csproj", "{8FD6BC4D-C206-4EC7-81C3-131D11A2086E}"
EndProject
Project("{FAE04EC0-301F-11D3-BF4B-00C04F79EFBC}") = "EfYouCoreTests", "EfYouCoreTests\EfYouCoreTests.csproj", "{3D1F85FE-0DAE-4A80-9867-32F1A368439E}"
EndProject
Global
	GlobalSection(SolutionConfigurationPlatforms) = preSolution
		Debug|Any CPU = Debug|Any CPU
		Release|Any CPU = Release|Any CPU
	EndGlobalSection
	GlobalSection(ProjectConfigurationPlatforms) = postSolution
		{8FD6BC4D-C206-4EC7-81C3-131D11A2086E}.Debug|Any CPU.ActiveCfg = Debug|Any CPU
		{8FD6BC4D-C206-4EC7-81C3-131D11A2086E}.Debug|Any CPU.Build.0 = Debug|Any CPU
		{8FD6BC4D-C206-4EC7-81C3-131D11A2086E}.Release|Any CPU.ActiveCfg = Release|Any CPU
		{8FD6BC4D-C206-4EC7-81C3-131D11A2086E}.Release|Any CPU.Build.0 = Release|Any CPU
		{3D1F85FE-0DAE-4A80-9867-32F1A368439E}.Debug|Any CPU.ActiveCfg = Debug|Any CPU
		{3D1F85FE-0DAE-4A80-9867-32F1A368439E}.Debug|Any CPU.Build.0 = Debug|Any CPU
		{3D1F85FE-0DAE-4A80-9867-32F1A368439E}.Release|Any CPU.ActiveCfg = Release|Any CPU
		{3D1F85FE-0DAE-4A80-9867-32F1A368439E}.Release|Any CPU.Build.0 = Release|Any CPU
	EndGlobalSection
	GlobalSection(SolutionProperties) = preSolution
		HideSolutionNode = FALSE
	EndGlobalSection
	GlobalSection(ExtensibilityGlobals) = postSolution
		SolutionGuid = {D8C37BBB-77D1-4D8C-82E4-C34D302CE509}
	EndGlobalSection
EndGlobal
